
Microsoft Visual Studio Solution File, Format Version 12.00
# Visual Studio Version 17
VisualStudioVersion = 17.0.31903.59
MinimumVisualStudioVersion = 10.0.40219.1
Project("{FAE04EC0-301F-11D3-BF4B-00C04F79EFBC}") = "Array_Multidimensional", "Array_Multidimensional\Array_Multidimensional.csproj", "{874094DC-8C05-43EE-ABEF-DA71CA6E6E69}"
EndProject
Project("{FAE04EC0-301F-11D3-BF4B-00C04F79EFBC}") = "Array_Laço_For", "Array_Laço_For\Array_Laço_For.csproj", "{73A63B55-ED9E-4560-B272-DF03E70C8D59}"
EndProject
Project("{FAE04EC0-301F-11D3-BF4B-00C04F79EFBC}") = "Array_Bidemensional_Exercio", "Array_Bidemensional_Exercio\Array_Bidemensional_Exercio.csproj", "{800399A8-D2AD-4D21-AAA8-28E8C6A5AC81}"
EndProject
Project("{FAE04EC0-301F-11D3-BF4B-00C04F79EFBC}") = "ArrayList", "ArrayList\ArrayList.csproj", "{BBCC65B5-DB6B-4FC6-AB5D-FE33F6481DAD}"
EndProject
Project("{FAE04EC0-301F-11D3-BF4B-00C04F79EFBC}") = "ArrayList_Add", "ArrayList_Add\ArrayList_Add.csproj", "{729AD971-74AA-4F5B-B2B4-702EACCC36D6}"
EndProject
Project("{FAE04EC0-301F-11D3-BF4B-00C04F79EFBC}") = "Array_List_Remover_Elementos", "Array_List_Remover_Elementos\Array_List_Remover_Elementos.csproj", "{78A3131D-7C9D-4E0A-8F5E-FA3B1CF44EF3}"
EndProject
Project("{FAE04EC0-301F-11D3-BF4B-00C04F79EFBC}") = "ArrayList_Ordenar", "ArrayList_Ordenar\ArrayList_Ordenar.csproj", "{510E7E35-1892-4DAA-B63F-9182EF96C855}"
EndProject
Global
	GlobalSection(SolutionConfigurationPlatforms) = preSolution
		Debug|Any CPU = Debug|Any CPU
		Debug|x64 = Debug|x64
		Debug|x86 = Debug|x86
		Release|Any CPU = Release|Any CPU
		Release|x64 = Release|x64
		Release|x86 = Release|x86
	EndGlobalSection
	GlobalSection(ProjectConfigurationPlatforms) = postSolution
		{874094DC-8C05-43EE-ABEF-DA71CA6E6E69}.Debug|Any CPU.ActiveCfg = Debug|Any CPU
		{874094DC-8C05-43EE-ABEF-DA71CA6E6E69}.Debug|Any CPU.Build.0 = Debug|Any CPU
		{874094DC-8C05-43EE-ABEF-DA71CA6E6E69}.Debug|x64.ActiveCfg = Debug|Any CPU
		{874094DC-8C05-43EE-ABEF-DA71CA6E6E69}.Debug|x64.Build.0 = Debug|Any CPU
		{874094DC-8C05-43EE-ABEF-DA71CA6E6E69}.Debug|x86.ActiveCfg = Debug|Any CPU
		{874094DC-8C05-43EE-ABEF-DA71CA6E6E69}.Debug|x86.Build.0 = Debug|Any CPU
		{874094DC-8C05-43EE-ABEF-DA71CA6E6E69}.Release|Any CPU.ActiveCfg = Release|Any CPU
		{874094DC-8C05-43EE-ABEF-DA71CA6E6E69}.Release|Any CPU.Build.0 = Release|Any CPU
		{874094DC-8C05-43EE-ABEF-DA71CA6E6E69}.Release|x64.ActiveCfg = Release|Any CPU
		{874094DC-8C05-43EE-ABEF-DA71CA6E6E69}.Release|x64.Build.0 = Release|Any CPU
		{874094DC-8C05-43EE-ABEF-DA71CA6E6E69}.Release|x86.ActiveCfg = Release|Any CPU
		{874094DC-8C05-43EE-ABEF-DA71CA6E6E69}.Release|x86.Build.0 = Release|Any CPU
		{73A63B55-ED9E-4560-B272-DF03E70C8D59}.Debug|Any CPU.ActiveCfg = Debug|Any CPU
		{73A63B55-ED9E-4560-B272-DF03E70C8D59}.Debug|Any CPU.Build.0 = Debug|Any CPU
		{73A63B55-ED9E-4560-B272-DF03E70C8D59}.Debug|x64.ActiveCfg = Debug|Any CPU
		{73A63B55-ED9E-4560-B272-DF03E70C8D59}.Debug|x64.Build.0 = Debug|Any CPU
		{73A63B55-ED9E-4560-B272-DF03E70C8D59}.Debug|x86.ActiveCfg = Debug|Any CPU
		{73A63B55-ED9E-4560-B272-DF03E70C8D59}.Debug|x86.Build.0 = Debug|Any CPU
		{73A63B55-ED9E-4560-B272-DF03E70C8D59}.Release|Any CPU.ActiveCfg = Release|Any CPU
		{73A63B55-ED9E-4560-B272-DF03E70C8D59}.Release|Any CPU.Build.0 = Release|Any CPU
		{73A63B55-ED9E-4560-B272-DF03E70C8D59}.Release|x64.ActiveCfg = Release|Any CPU
		{73A63B55-ED9E-4560-B272-DF03E70C8D59}.Release|x64.Build.0 = Release|Any CPU
		{73A63B55-ED9E-4560-B272-DF03E70C8D59}.Release|x86.ActiveCfg = Release|Any CPU
		{73A63B55-ED9E-4560-B272-DF03E70C8D59}.Release|x86.Build.0 = Release|Any CPU
		{800399A8-D2AD-4D21-AAA8-28E8C6A5AC81}.Debug|Any CPU.ActiveCfg = Debug|Any CPU
		{800399A8-D2AD-4D21-AAA8-28E8C6A5AC81}.Debug|Any CPU.Build.0 = Debug|Any CPU
		{800399A8-D2AD-4D21-AAA8-28E8C6A5AC81}.Debug|x64.ActiveCfg = Debug|Any CPU
		{800399A8-D2AD-4D21-AAA8-28E8C6A5AC81}.Debug|x64.Build.0 = Debug|Any CPU
		{800399A8-D2AD-4D21-AAA8-28E8C6A5AC81}.Debug|x86.ActiveCfg = Debug|Any CPU
		{800399A8-D2AD-4D21-AAA8-28E8C6A5AC81}.Debug|x86.Build.0 = Debug|Any CPU
		{800399A8-D2AD-4D21-AAA8-28E8C6A5AC81}.Release|Any CPU.ActiveCfg = Release|Any CPU
		{800399A8-D2AD-4D21-AAA8-28E8C6A5AC81}.Release|Any CPU.Build.0 = Release|Any CPU
		{800399A8-D2AD-4D21-AAA8-28E8C6A5AC81}.Release|x64.ActiveCfg = Release|Any CPU
		{800399A8-D2AD-4D21-AAA8-28E8C6A5AC81}.Release|x64.Build.0 = Release|Any CPU
		{800399A8-D2AD-4D21-AAA8-28E8C6A5AC81}.Release|x86.ActiveCfg = Release|Any CPU
		{800399A8-D2AD-4D21-AAA8-28E8C6A5AC81}.Release|x86.Build.0 = Release|Any CPU
		{BBCC65B5-DB6B-4FC6-AB5D-FE33F6481DAD}.Debug|Any CPU.ActiveCfg = Debug|Any CPU
		{BBCC65B5-DB6B-4FC6-AB5D-FE33F6481DAD}.Debug|Any CPU.Build.0 = Debug|Any CPU
		{BBCC65B5-DB6B-4FC6-AB5D-FE33F6481DAD}.Debug|x64.ActiveCfg = Debug|Any CPU
		{BBCC65B5-DB6B-4FC6-AB5D-FE33F6481DAD}.Debug|x64.Build.0 = Debug|Any CPU
		{BBCC65B5-DB6B-4FC6-AB5D-FE33F6481DAD}.Debug|x86.ActiveCfg = Debug|Any CPU
		{BBCC65B5-DB6B-4FC6-AB5D-FE33F6481DAD}.Debug|x86.Build.0 = Debug|Any CPU
		{BBCC65B5-DB6B-4FC6-AB5D-FE33F6481DAD}.Release|Any CPU.ActiveCfg = Release|Any CPU
		{BBCC65B5-DB6B-4FC6-AB5D-FE33F6481DAD}.Release|Any CPU.Build.0 = Release|Any CPU
		{BBCC65B5-DB6B-4FC6-AB5D-FE33F6481DAD}.Release|x64.ActiveCfg = Release|Any CPU
		{BBCC65B5-DB6B-4FC6-AB5D-FE33F6481DAD}.Release|x64.Build.0 = Release|Any CPU
		{BBCC65B5-DB6B-4FC6-AB5D-FE33F6481DAD}.Release|x86.ActiveCfg = Release|Any CPU
		{BBCC65B5-DB6B-4FC6-AB5D-FE33F6481DAD}.Release|x86.Build.0 = Release|Any CPU
		{729AD971-74AA-4F5B-B2B4-702EACCC36D6}.Debug|Any CPU.ActiveCfg = Debug|Any CPU
		{729AD971-74AA-4F5B-B2B4-702EACCC36D6}.Debug|Any CPU.Build.0 = Debug|Any CPU
		{729AD971-74AA-4F5B-B2B4-702EACCC36D6}.Debug|x64.ActiveCfg = Debug|Any CPU
		{729AD971-74AA-4F5B-B2B4-702EACCC36D6}.Debug|x64.Build.0 = Debug|Any CPU
		{729AD971-74AA-4F5B-B2B4-702EACCC36D6}.Debug|x86.ActiveCfg = Debug|Any CPU
		{729AD971-74AA-4F5B-B2B4-702EACCC36D6}.Debug|x86.Build.0 = Debug|Any CPU
		{729AD971-74AA-4F5B-B2B4-702EACCC36D6}.Release|Any CPU.ActiveCfg = Release|Any CPU
		{729AD971-74AA-4F5B-B2B4-702EACCC36D6}.Release|Any CPU.Build.0 = Release|Any CPU
		{729AD971-74AA-4F5B-B2B4-702EACCC36D6}.Release|x64.ActiveCfg = Release|Any CPU
		{729AD971-74AA-4F5B-B2B4-702EACCC36D6}.Release|x64.Build.0 = Release|Any CPU
		{729AD971-74AA-4F5B-B2B4-702EACCC36D6}.Release|x86.ActiveCfg = Release|Any CPU
		{729AD971-74AA-4F5B-B2B4-702EACCC36D6}.Release|x86.Build.0 = Release|Any CPU
		{78A3131D-7C9D-4E0A-8F5E-FA3B1CF44EF3}.Debug|Any CPU.ActiveCfg = Debug|Any CPU
		{78A3131D-7C9D-4E0A-8F5E-FA3B1CF44EF3}.Debug|Any CPU.Build.0 = Debug|Any CPU
		{78A3131D-7C9D-4E0A-8F5E-FA3B1CF44EF3}.Debug|x64.ActiveCfg = Debug|Any CPU
		{78A3131D-7C9D-4E0A-8F5E-FA3B1CF44EF3}.Debug|x64.Build.0 = Debug|Any CPU
		{78A3131D-7C9D-4E0A-8F5E-FA3B1CF44EF3}.Debug|x86.ActiveCfg = Debug|Any CPU
		{78A3131D-7C9D-4E0A-8F5E-FA3B1CF44EF3}.Debug|x86.Build.0 = Debug|Any CPU
		{78A3131D-7C9D-4E0A-8F5E-FA3B1CF44EF3}.Release|Any CPU.ActiveCfg = Release|Any CPU
		{78A3131D-7C9D-4E0A-8F5E-FA3B1CF44EF3}.Release|Any CPU.Build.0 = Release|Any CPU
		{78A3131D-7C9D-4E0A-8F5E-FA3B1CF44EF3}.Release|x64.ActiveCfg = Release|Any CPU
		{78A3131D-7C9D-4E0A-8F5E-FA3B1CF44EF3}.Release|x64.Build.0 = Release|Any CPU
		{78A3131D-7C9D-4E0A-8F5E-FA3B1CF44EF3}.Release|x86.ActiveCfg = Release|Any CPU
		{78A3131D-7C9D-4E0A-8F5E-FA3B1CF44EF3}.Release|x86.Build.0 = Release|Any CPU
		{510E7E35-1892-4DAA-B63F-9182EF96C855}.Debug|Any CPU.ActiveCfg = Debug|Any CPU
		{510E7E35-1892-4DAA-B63F-9182EF96C855}.Debug|Any CPU.Build.0 = Debug|Any CPU
		{510E7E35-1892-4DAA-B63F-9182EF96C855}.Debug|x64.ActiveCfg = Debug|Any CPU
		{510E7E35-1892-4DAA-B63F-9182EF96C855}.Debug|x64.Build.0 = Debug|Any CPU
		{510E7E35-1892-4DAA-B63F-9182EF96C855}.Debug|x86.ActiveCfg = Debug|Any CPU
		{510E7E35-1892-4DAA-B63F-9182EF96C855}.Debug|x86.Build.0 = Debug|Any CPU
		{510E7E35-1892-4DAA-B63F-9182EF96C855}.Release|Any CPU.ActiveCfg = Release|Any CPU
		{510E7E35-1892-4DAA-B63F-9182EF96C855}.Release|Any CPU.Build.0 = Release|Any CPU
		{510E7E35-1892-4DAA-B63F-9182EF96C855}.Release|x64.ActiveCfg = Release|Any CPU
		{510E7E35-1892-4DAA-B63F-9182EF96C855}.Release|x64.Build.0 = Release|Any CPU
		{510E7E35-1892-4DAA-B63F-9182EF96C855}.Release|x86.ActiveCfg = Release|Any CPU
		{510E7E35-1892-4DAA-B63F-9182EF96C855}.Release|x86.Build.0 = Release|Any CPU
	EndGlobalSection
	GlobalSection(SolutionProperties) = preSolution
		HideSolutionNode = FALSE
	EndGlobalSection
EndGlobal
